version: 6
environments:
  default:
    channels:
    - url: https://prefix.dev/conda-forge/
    options:
      pypi-prerelease-mode: if-necessary-or-explicit
    packages:
      win-64:
      - conda: https://prefix.dev/conda-forge/noarch/alabaster-1.0.0-pyhd8ed1ab_1.conda
      - conda: https://prefix.dev/conda-forge/noarch/anyio-4.12.1-pyhcf101f3_0.conda
      - conda: https://prefix.dev/conda-forge/noarch/babel-2.17.0-pyhd8ed1ab_0.conda
      - conda: https://prefix.dev/conda-forge/noarch/backports.zstd-1.3.0-py314h680f03e_0.conda
      - conda: https://prefix.dev/conda-forge/noarch/beautifulsoup4-4.14.3-pyha770c72_0.conda
      - conda: https://prefix.dev/conda-forge/win-64/brotli-python-1.2.0-py314he701e3d_1.conda
      - conda: https://prefix.dev/conda-forge/win-64/bzip2-1.0.8-h0ad9c76_8.conda
      - conda: https://prefix.dev/conda-forge/noarch/ca-certificates-2026.1.4-h4c7d964_0.conda
      - conda: https://prefix.dev/conda-forge/noarch/certifi-2026.1.4-pyhd8ed1ab_0.conda
      - conda: https://prefix.dev/conda-forge/noarch/charset-normalizer-3.4.4-pyhd8ed1ab_0.conda
      - conda: https://prefix.dev/conda-forge/noarch/click-8.3.1-pyha7b4d00_1.conda
      - conda: https://prefix.dev/conda-forge/noarch/colorama-0.4.6-pyhd8ed1ab_1.conda
      - conda: https://prefix.dev/conda-forge/noarch/docutils-0.21.2-pyhd8ed1ab_1.conda
      - conda: https://prefix.dev/conda-forge/noarch/exceptiongroup-1.3.1-pyhd8ed1ab_0.conda
      - conda: https://prefix.dev/conda-forge/noarch/furo-2024.8.6-pyhd8ed1ab_2.conda
      - conda: https://prefix.dev/conda-forge/noarch/h11-0.16.0-pyhcf101f3_1.conda
      - conda: https://prefix.dev/conda-forge/noarch/h2-4.3.0-pyhcf101f3_0.conda
      - conda: https://prefix.dev/conda-forge/noarch/hpack-4.1.0-pyhd8ed1ab_0.conda
      - conda: https://prefix.dev/conda-forge/noarch/hyperframe-6.1.0-pyhd8ed1ab_0.conda
      - conda: https://prefix.dev/conda-forge/noarch/idna-3.11-pyhd8ed1ab_0.conda
      - conda: https://prefix.dev/conda-forge/noarch/imagesize-1.4.1-pyhd8ed1ab_0.tar.bz2
      - conda: https://prefix.dev/conda-forge/noarch/jinja2-3.1.6-pyhcf101f3_1.conda
      - conda: https://prefix.dev/conda-forge/win-64/libexpat-2.7.3-hac47afa_0.conda
      - conda: https://prefix.dev/conda-forge/win-64/libffi-3.5.2-h3d046cb_0.conda
      - conda: https://prefix.dev/conda-forge/win-64/liblzma-5.8.2-hfd05255_0.conda
      - conda: https://prefix.dev/conda-forge/win-64/libmpdec-4.0.0-hfd05255_1.conda
      - conda: https://prefix.dev/conda-forge/win-64/libsqlite-3.51.2-hf5d6505_0.conda
      - conda: https://prefix.dev/conda-forge/win-64/libzlib-1.3.1-h2466b09_2.conda
      - conda: https://prefix.dev/conda-forge/noarch/markdown-it-py-4.0.0-pyhd8ed1ab_0.conda
      - conda: https://prefix.dev/conda-forge/noarch/markupsafe-3.0.3-pyh7db6752_0.conda
      - conda: https://prefix.dev/conda-forge/noarch/mdit-py-plugins-0.5.0-pyhd8ed1ab_0.conda
      - conda: https://prefix.dev/conda-forge/noarch/mdurl-0.1.2-pyhd8ed1ab_1.conda
      - conda: https://prefix.dev/conda-forge/noarch/myst-parser-5.0.0-pyhd8ed1ab_0.conda
      - conda: https://prefix.dev/conda-forge/win-64/openssl-3.6.1-hf411b9b_1.conda
      - conda: https://prefix.dev/conda-forge/noarch/packaging-26.0-pyhcf101f3_0.conda
      - conda: https://prefix.dev/conda-forge/noarch/pygments-2.19.2-pyhd8ed1ab_0.conda
      - conda: https://prefix.dev/conda-forge/noarch/pysocks-1.7.1-pyh09c184e_7.conda
      - conda: https://prefix.dev/conda-forge/win-64/python-3.14.2-h4b44e0e_102_cp314.conda
      - conda: https://prefix.dev/conda-forge/noarch/python_abi-3.14-8_cp314.conda
      - conda: https://prefix.dev/conda-forge/noarch/pytz-2025.2-pyhd8ed1ab_0.conda
      - conda: https://prefix.dev/conda-forge/win-64/pyyaml-6.0.3-py314h2359020_1.conda
      - conda: https://prefix.dev/conda-forge/noarch/requests-2.32.5-pyhcf101f3_1.conda
      - conda: https://prefix.dev/conda-forge/noarch/roman-numerals-4.1.0-pyhd8ed1ab_0.conda
      - conda: https://prefix.dev/conda-forge/noarch/roman-numerals-py-4.1.0-pyhd8ed1ab_0.conda
      - conda: https://prefix.dev/conda-forge/noarch/snowballstemmer-3.0.1-pyhd8ed1ab_0.conda
      - conda: https://prefix.dev/conda-forge/noarch/soupsieve-2.8.3-pyhd8ed1ab_0.conda
      - conda: https://prefix.dev/conda-forge/noarch/sphinx-8.2.3-pyhd8ed1ab_0.conda
      - conda: https://prefix.dev/conda-forge/noarch/sphinx-autobuild-2025.8.25-pyhcf101f3_0.conda
      - conda: https://prefix.dev/conda-forge/noarch/sphinx-basic-ng-1.0.0b2-pyhd8ed1ab_3.conda
      - conda: https://prefix.dev/conda-forge/noarch/sphinx-design-0.7.0-pyhd8ed1ab_0.conda
      - conda: https://prefix.dev/conda-forge/noarch/sphinxcontrib-applehelp-2.0.0-pyhd8ed1ab_1.conda
      - conda: https://prefix.dev/conda-forge/noarch/sphinxcontrib-devhelp-2.0.0-pyhd8ed1ab_1.conda
      - conda: https://prefix.dev/conda-forge/noarch/sphinxcontrib-htmlhelp-2.1.0-pyhd8ed1ab_1.conda
      - conda: https://prefix.dev/conda-forge/noarch/sphinxcontrib-jsmath-1.0.1-pyhd8ed1ab_1.conda
      - conda: https://prefix.dev/conda-forge/noarch/sphinxcontrib-qthelp-2.0.0-pyhd8ed1ab_1.conda
      - conda: https://prefix.dev/conda-forge/noarch/sphinxcontrib-serializinghtml-1.1.10-pyhd8ed1ab_1.conda
      - conda: https://prefix.dev/conda-forge/noarch/starlette-0.52.1-pyhfdc7a7d_0.conda
      - conda: https://prefix.dev/conda-forge/win-64/tk-8.6.13-h6ed50ae_3.conda
      - conda: https://prefix.dev/conda-forge/noarch/typing-extensions-4.15.0-h396c80c_0.conda
      - conda: https://prefix.dev/conda-forge/noarch/typing_extensions-4.15.0-pyhcf101f3_0.conda
      - conda: https://prefix.dev/conda-forge/noarch/tzdata-2025c-hc9c84f9_1.conda
      - conda: https://prefix.dev/conda-forge/win-64/ucrt-10.0.26100.0-h57928b3_0.conda
      - conda: https://prefix.dev/conda-forge/noarch/urllib3-2.6.3-pyhd8ed1ab_0.conda
      - conda: https://prefix.dev/conda-forge/noarch/uvicorn-0.40.0-pyh6dadd2b_0.conda
      - conda: https://prefix.dev/conda-forge/win-64/vc-14.3-h41ae7f8_34.conda
      - conda: https://prefix.dev/conda-forge/win-64/vc14_runtime-14.44.35208-h818238b_34.conda
      - conda: https://prefix.dev/conda-forge/win-64/vcomp14-14.44.35208-h818238b_34.conda
      - conda: https://prefix.dev/conda-forge/win-64/watchfiles-1.1.1-py314h170c82c_0.conda
      - conda: https://prefix.dev/conda-forge/win-64/websockets-16.0-py314hc5dbbe4_1.conda
      - conda: https://prefix.dev/conda-forge/noarch/win_inet_pton-1.1.0-pyh7428d3b_8.conda
      - conda: https://prefix.dev/conda-forge/win-64/yaml-0.2.5-h6a83c73_3.conda
      - conda: https://prefix.dev/conda-forge/win-64/zstd-1.5.7-h534d264_6.conda
packages:
- conda: https://prefix.dev/conda-forge/noarch/alabaster-1.0.0-pyhd8ed1ab_1.conda
  sha256: 6c4456a138919dae9edd3ac1a74b6fbe5fd66c05675f54df2f8ab8c8d0cc6cea
  md5: 1fd9696649f65fd6611fcdb4ffec738a
  depends:
  - python >=3.10
  license: BSD-3-Clause
  license_family: BSD
  size: 18684
  timestamp: 1733750512696
- conda: https://prefix.dev/conda-forge/noarch/anyio-4.12.1-pyhcf101f3_0.conda
  sha256: eb0c4e2b24f1fbefaf96ce6c992c6bd64340bc3c06add4d7415ab69222b201da
  md5: 11a2b8c732d215d977998ccd69a9d5e8
  depends:
  - exceptiongroup >=1.0.2
  - idna >=2.8
  - python >=3.10
  - typing_extensions >=4.5
  - python
  constrains:
  - trio >=0.32.0
  - uvloop >=0.21
  license: MIT
  license_family: MIT
  size: 145175
  timestamp: 1767719033569
- conda: https://prefix.dev/conda-forge/noarch/babel-2.17.0-pyhd8ed1ab_0.conda
  sha256: 1c656a35800b7f57f7371605bc6507c8d3ad60fbaaec65876fce7f73df1fc8ac
  md5: 0a01c169f0ab0f91b26e77a3301fbfe4
  depends:
  - python >=3.9
  - pytz >=2015.7
  license: BSD-3-Clause
  license_family: BSD
  size: 6938256
  timestamp: 1738490268466
- conda: https://prefix.dev/conda-forge/noarch/backports.zstd-1.3.0-py314h680f03e_0.conda
  noarch: generic
  sha256: c31ab719d256bc6f89926131e88ecd0f0c5d003fe8481852c6424f4ec6c7eb29
  md5: a2ac7763a9ac75055b68f325d3255265
  depends:
  - python >=3.14
  license: BSD-3-Clause AND MIT AND EPL-2.0
  size: 7514
  timestamp: 1767044983590
- conda: https://prefix.dev/conda-forge/noarch/beautifulsoup4-4.14.3-pyha770c72_0.conda
  sha256: bf1e71c3c0a5b024e44ff928225a0874fc3c3356ec1a0b6fe719108e6d1288f6
  md5: 5267bef8efea4127aacd1f4e1f149b6e
  depends:
  - python >=3.10
  - soupsieve >=1.2
  - typing-extensions
  license: MIT
  license_family: MIT
  size: 90399
  timestamp: 1764520638652
- conda: https://prefix.dev/conda-forge/win-64/brotli-python-1.2.0-py314he701e3d_1.conda
  sha256: 6854ee7675135c57c73a04849c29cbebc2fb6a3a3bfee1f308e64bf23074719b
  md5: 1302b74b93c44791403cbeee6a0f62a3
  depends:
  - python >=3.14,<3.15.0a0
  - python_abi 3.14.* *_cp314
  - ucrt >=10.0.20348.0
  - vc >=14.3,<15
  - vc14_runtime >=14.44.35208
  constrains:
  - libbrotlicommon 1.2.0 hfd05255_1
  license: MIT
  license_family: MIT
  size: 335782
  timestamp: 1764018443683
- conda: https://prefix.dev/conda-forge/win-64/bzip2-1.0.8-h0ad9c76_8.conda
  sha256: d882712855624641f48aa9dc3f5feea2ed6b4e6004585d3616386a18186fe692
  md5: 1077e9333c41ff0be8edd1a5ec0ddace
  depends:
  - ucrt >=10.0.20348.0
  - vc >=14.3,<15
  - vc14_runtime >=14.44.35208
  license: bzip2-1.0.6
  license_family: BSD
  size: 55977
  timestamp: 1757437738856
- conda: https://prefix.dev/conda-forge/noarch/ca-certificates-2026.1.4-h4c7d964_0.conda
  sha256: 4ddcb01be03f85d3db9d881407fb13a673372f1b9fac9c836ea441893390e049
  md5: 84d389c9eee640dda3d26fc5335c67d8
  depends:
  - __win
  license: ISC
  size: 147139
  timestamp: 1767500904211
- conda: https://prefix.dev/conda-forge/noarch/certifi-2026.1.4-pyhd8ed1ab_0.conda
  sha256: 110338066d194a715947808611b763857c15458f8b3b97197387356844af9450
  md5: eacc711330cd46939f66cd401ff9c44b
  depends:
  - python >=3.10
  license: ISC
  size: 150969
  timestamp: 1767500900768
- conda: https://prefix.dev/conda-forge/noarch/charset-normalizer-3.4.4-pyhd8ed1ab_0.conda
  sha256: b32f8362e885f1b8417bac2b3da4db7323faa12d5db62b7fd6691c02d60d6f59
  md5: a22d1fd9bf98827e280a02875d9a007a
  depends:
  - python >=3.10
  license: MIT
  license_family: MIT
  size: 50965
  timestamp: 1760437331772
- conda: https://prefix.dev/conda-forge/noarch/click-8.3.1-pyha7b4d00_1.conda
  sha256: c3bc9a49930fa1c3383a1485948b914823290efac859a2587ca57a270a652e08
  md5: 6cd3ccc98bacfcc92b2bd7f236f01a7e
  depends:
  - python >=3.10
  - colorama
  - __win
  - python
  license: BSD-3-Clause
  license_family: BSD
  size: 96620
  timestamp: 1764518654675
- conda: https://prefix.dev/conda-forge/noarch/colorama-0.4.6-pyhd8ed1ab_1.conda
  sha256: ab29d57dc70786c1269633ba3dff20288b81664d3ff8d21af995742e2bb03287
  md5: 962b9857ee8e7018c22f2776ffa0b2d7
  depends:
  - python >=3.9
  license: BSD-3-Clause
  license_family: BSD
  size: 27011
  timestamp: 1733218222191
- conda: https://prefix.dev/conda-forge/noarch/docutils-0.21.2-pyhd8ed1ab_1.conda
  sha256: fa5966bb1718bbf6967a85075e30e4547901410cc7cb7b16daf68942e9a94823
  md5: 24c1ca34138ee57de72a943237cde4cc
  depends:
  - python >=3.9
  license: CC-PDDC AND BSD-3-Clause AND BSD-2-Clause AND ZPL-2.1
  size: 402700
  timestamp: 1733217860944
- conda: https://prefix.dev/conda-forge/noarch/exceptiongroup-1.3.1-pyhd8ed1ab_0.conda
  sha256: ee6cf346d017d954255bbcbdb424cddea4d14e4ed7e9813e429db1d795d01144
  md5: 8e662bd460bda79b1ea39194e3c4c9ab
  depends:
  - python >=3.10
  - typing_extensions >=4.6.0
  license: MIT and PSF-2.0
  size: 21333
  timestamp: 1763918099466
- conda: https://prefix.dev/conda-forge/noarch/furo-2024.8.6-pyhd8ed1ab_2.conda
  sha256: 3d6e42c5c22ea3c3b8d35b6582f544bc5fc08df37c394f5a30d6644b626a7be6
  md5: a4ffdb4a5370e427f0ad980df69bbdbc
  depends:
  - beautifulsoup4
  - pygments >=2.7
  - python >=3.9
  - sphinx >=6.0,<9.0
  - sphinx-basic-ng
  license: MIT
  license_family: MIT
  size: 82395
  timestamp: 1735043817924
- conda: https://prefix.dev/conda-forge/noarch/h11-0.16.0-pyhcf101f3_1.conda
  sha256: 96cac6573fd35ae151f4d6979bab6fbc90cb6b1fb99054ba19eb075da9822fcb
  md5: b8993c19b0c32a2f7b66cbb58ca27069
  depends:
  - python >=3.10
  - typing_extensions
  - python
  license: MIT
  license_family: MIT
  size: 39069
  timestamp: 1767729720872
- conda: https://prefix.dev/conda-forge/noarch/h2-4.3.0-pyhcf101f3_0.conda
  sha256: 84c64443368f84b600bfecc529a1194a3b14c3656ee2e832d15a20e0329b6da3
  md5: 164fc43f0b53b6e3a7bc7dce5e4f1dc9
  depends:
  - python >=3.10
  - hyperframe >=6.1,<7
  - hpack >=4.1,<5
  - python
  license: MIT
  license_family: MIT
  size: 95967
  timestamp: 1756364871835
- conda: https://prefix.dev/conda-forge/noarch/hpack-4.1.0-pyhd8ed1ab_0.conda
  sha256: 6ad78a180576c706aabeb5b4c8ceb97c0cb25f1e112d76495bff23e3779948ba
  md5: 0a802cb9888dd14eeefc611f05c40b6e
  depends:
  - python >=3.9
  license: MIT
  license_family: MIT
  size: 30731
  timestamp: 1737618390337
- conda: https://prefix.dev/conda-forge/noarch/hyperframe-6.1.0-pyhd8ed1ab_0.conda
  sha256: 77af6f5fe8b62ca07d09ac60127a30d9069fdc3c68d6b256754d0ffb1f7779f8
  md5: 8e6923fc12f1fe8f8c4e5c9f343256ac
  depends:
  - python >=3.9
  license: MIT
  license_family: MIT
  size: 17397
  timestamp: 1737618427549
- conda: https://prefix.dev/conda-forge/noarch/idna-3.11-pyhd8ed1ab_0.conda
  sha256: ae89d0299ada2a3162c2614a9d26557a92aa6a77120ce142f8e0109bbf0342b0
  md5: 53abe63df7e10a6ba605dc5f9f961d36
  depends:
  - python >=3.10
  license: BSD-3-Clause
  license_family: BSD
  size: 50721
  timestamp: 1760286526795
- conda: https://prefix.dev/conda-forge/noarch/imagesize-1.4.1-pyhd8ed1ab_0.tar.bz2
  sha256: c2bfd7043e0c4c12d8b5593de666c1e81d67b83c474a0a79282cc5c4ef845460
  md5: 7de5386c8fea29e76b303f37dde4c352
  depends:
  - python >=3.4
  license: MIT
  license_family: MIT
  size: 10164
  timestamp: 1656939625410
- conda: https://prefix.dev/conda-forge/noarch/jinja2-3.1.6-pyhcf101f3_1.conda
  sha256: fc9ca7348a4f25fed2079f2153ecdcf5f9cf2a0bc36c4172420ca09e1849df7b
  md5: 04558c96691bed63104678757beb4f8d
  depends:
  - markupsafe >=2.0
  - python >=3.10
  - python
  license: BSD-3-Clause
  license_family: BSD
  size: 120685
  timestamp: 1764517220861
- conda: https://prefix.dev/conda-forge/win-64/libexpat-2.7.3-hac47afa_0.conda
  sha256: 844ab708594bdfbd7b35e1a67c379861bcd180d6efe57b654f482ae2f7f5c21e
  md5: 8c9e4f1a0e688eef2e95711178061a0f
  depends:
  - ucrt >=10.0.20348.0
  - vc >=14.3,<15
  - vc14_runtime >=14.44.35208
  constrains:
  - expat 2.7.3.*
  license: MIT
  license_family: MIT
  size: 70137
  timestamp: 1763550049107
- conda: https://prefix.dev/conda-forge/win-64/libffi-3.5.2-h3d046cb_0.conda
  sha256: 59d01f2dfa8b77491b5888a5ab88ff4e1574c9359f7e229da254cdfe27ddc190
  md5: 720b39f5ec0610457b725eb3f396219a
  depends:
  - ucrt >=10.0.20348.0
  - vc >=14.3,<15
  - vc14_runtime >=14.44.35208
  license: MIT
  license_family: MIT
  size: 45831
  timestamp: 1769456418774
- conda: https://prefix.dev/conda-forge/win-64/liblzma-5.8.2-hfd05255_0.conda
  sha256: f25bf293f550c8ed2e0c7145eb404324611cfccff37660869d97abf526eb957c
  md5: ba0bfd4c3cf73f299ffe46ff0eaeb8e3
  depends:
  - ucrt >=10.0.20348.0
  - vc >=14.3,<15
  - vc14_runtime >=14.44.35208
  constrains:
  - xz 5.8.2.*
  license: 0BSD
  size: 106169
  timestamp: 1768752763559
- conda: https://prefix.dev/conda-forge/win-64/libmpdec-4.0.0-hfd05255_1.conda
  sha256: 40dcd0b9522a6e0af72a9db0ced619176e7cfdb114855c7a64f278e73f8a7514
  md5: e4a9fc2bba3b022dad998c78856afe47
  depends:
  - ucrt >=10.0.20348.0
  - vc >=14.3,<15
  - vc14_runtime >=14.44.35208
  license: BSD-2-Clause
  license_family: BSD
  size: 89411
  timestamp: 1769482314283
- conda: https://prefix.dev/conda-forge/win-64/libsqlite-3.51.2-hf5d6505_0.conda
  sha256: 756478128e3e104bd7e7c3ce6c1b0efad7e08c7320c69fdc726e039323c63fbb
  md5: 903979414b47d777d548e5f0165e6cd8
  depends:
  - ucrt >=10.0.20348.0
  - vc >=14.3,<15
  - vc14_runtime >=14.44.35208
  license: blessing
  size: 1291616
  timestamp: 1768148278261
- conda: https://prefix.dev/conda-forge/win-64/libzlib-1.3.1-h2466b09_2.conda
  sha256: ba945c6493449bed0e6e29883c4943817f7c79cbff52b83360f7b341277c6402
  md5: 41fbfac52c601159df6c01f875de31b9
  depends:
  - ucrt >=10.0.20348.0
  - vc >=14.2,<15
  - vc14_runtime >=14.29.30139
  constrains:
  - zlib 1.3.1 *_2
  license: Zlib
  license_family: Other
  size: 55476
  timestamp: 1727963768015
- conda: https://prefix.dev/conda-forge/noarch/markdown-it-py-4.0.0-pyhd8ed1ab_0.conda
  sha256: 7b1da4b5c40385791dbc3cc85ceea9fad5da680a27d5d3cb8bfaa185e304a89e
  md5: 5b5203189eb668f042ac2b0826244964
  depends:
  - mdurl >=0.1,<1
  - python >=3.10
  license: MIT
  license_family: MIT
  size: 64736
  timestamp: 1754951288511
- conda: https://prefix.dev/conda-forge/noarch/markupsafe-3.0.3-pyh7db6752_0.conda
  sha256: e0cbfea51a19b3055ca19428bd9233a25adca956c208abb9d00b21e7259c7e03
  md5: fab1be106a50e20f10fe5228fd1d1651
  depends:
  - python >=3.10
  constrains:
  - jinja2 >=3.0.0
  track_features:
  - markupsafe_no_compile
  license: BSD-3-Clause
  license_family: BSD
  size: 15499
  timestamp: 1759055275624
- conda: https://prefix.dev/conda-forge/noarch/mdit-py-plugins-0.5.0-pyhd8ed1ab_0.conda
  sha256: 123cc004e2946879708cdb6a9eff24acbbb054990d6131bb94bca7a374ebebfc
  md5: 1997a083ef0b4c9331f9191564be275e
  depends:
  - markdown-it-py >=2.0.0,<5.0.0
  - python >=3.10
  license: MIT
  license_family: MIT
  size: 43805
  timestamp: 1754946862113
- conda: https://prefix.dev/conda-forge/noarch/mdurl-0.1.2-pyhd8ed1ab_1.conda
  sha256: 78c1bbe1723449c52b7a9df1af2ee5f005209f67e40b6e1d3c7619127c43b1c7
  md5: 592132998493b3ff25fd7479396e8351
  depends:
  - python >=3.9
  license: MIT
  license_family: MIT
  size: 14465
  timestamp: 1733255681319
- conda: https://prefix.dev/conda-forge/noarch/myst-parser-5.0.0-pyhd8ed1ab_0.conda
  sha256: f352d594d968acd31052c5f894ae70718be56481ffa9c304fdfcbe78ddf66eb1
  md5: a65e2c3c764766f0b28a3ac5052502a6
  depends:
  - docutils >=0.20,<0.23
  - jinja2
  - markdown-it-py >=4.0.0,<4.1.0
  - mdit-py-plugins >=0.5,<0.6
  - python >=3.11
  - pyyaml
  - sphinx >=8,<10
  license: MIT
  license_family: MIT
  size: 73535
  timestamp: 1768942892170
- conda: https://prefix.dev/conda-forge/win-64/openssl-3.6.1-hf411b9b_1.conda
  sha256: 53a5ad2e5553b8157a91bb8aa375f78c5958f77cb80e9d2ce59471ea8e5c0bd6
  md5: eb585509b815415bc964b2c7e11c7eb3
  depends:
  - ca-certificates
  - ucrt >=10.0.20348.0
  - vc >=14.3,<15
  - vc14_runtime >=14.44.35208
  license: Apache-2.0
  license_family: Apache
  size: 9343023
  timestamp: 1769557547888
- conda: https://prefix.dev/conda-forge/noarch/packaging-26.0-pyhcf101f3_0.conda
  sha256: c1fc0f953048f743385d31c468b4a678b3ad20caffdeaa94bed85ba63049fd58
  md5: b76541e68fea4d511b1ac46a28dcd2c6
  depends:
  - python >=3.8
  - python
  license: Apache-2.0
  license_family: APACHE
  size: 72010
  timestamp: 1769093650580
- conda: https://prefix.dev/conda-forge/noarch/pygments-2.19.2-pyhd8ed1ab_0.conda
  sha256: 5577623b9f6685ece2697c6eb7511b4c9ac5fb607c9babc2646c811b428fd46a
  md5: 6b6ece66ebcae2d5f326c77ef2c5a066
  depends:
  - python >=3.9
  license: BSD-2-Clause
  license_family: BSD
  size: 889287
  timestamp: 1750615908735
- conda: https://prefix.dev/conda-forge/noarch/pysocks-1.7.1-pyh09c184e_7.conda
  sha256: d016e04b0e12063fbee4a2d5fbb9b39a8d191b5a0042f0b8459188aedeabb0ca
  md5: e2fd202833c4a981ce8a65974fe4abd1
  depends:
  - __win
  - python >=3.9
  - win_inet_pton
  license: BSD-3-Clause
  license_family: BSD
  size: 21784
  timestamp: 1733217448189
- conda: https://prefix.dev/conda-forge/win-64/python-3.14.2-h4b44e0e_102_cp314.conda
  build_number: 102
  sha256: 8c934b404c608c7285e41f27dd640071b19a88b2989839a816491500608d6e08
  md5: 0267e7aed37851cd8dc328be8cc83ff6
  depends:
  - bzip2 >=1.0.8,<2.0a0
  - libexpat >=2.7.3,<3.0a0
  - libffi >=3.5.2,<3.6.0a0
  - liblzma >=5.8.2,<6.0a0
  - libmpdec >=4.0.0,<5.0a0
  - libsqlite >=3.51.2,<4.0a0
  - libzlib >=1.3.1,<2.0a0
  - openssl >=3.5.5,<4.0a0
  - python_abi 3.14.* *_cp314
  - tk >=8.6.13,<8.7.0a0
  - tzdata
  - ucrt >=10.0.20348.0
  - vc >=14.3,<15
  - vc14_runtime >=14.44.35208
  - zstd >=1.5.7,<1.6.0a0
  license: Python-2.0
  size: 18011937
  timestamp: 1770221912421
  python_site_packages_path: Lib/site-packages
- conda: https://prefix.dev/conda-forge/noarch/python_abi-3.14-8_cp314.conda
  build_number: 8
  sha256: ad6d2e9ac39751cc0529dd1566a26751a0bf2542adb0c232533d32e176e21db5
  md5: 0539938c55b6b1a59b560e843ad864a4
  constrains:
  - python 3.14.* *_cp314
  license: BSD-3-Clause
  license_family: BSD
  size: 6989
  timestamp: 1752805904792
- conda: https://prefix.dev/conda-forge/noarch/pytz-2025.2-pyhd8ed1ab_0.conda
  sha256: 8d2a8bf110cc1fc3df6904091dead158ba3e614d8402a83e51ed3a8aa93cdeb0
  md5: bc8e3267d44011051f2eb14d22fb0960
  depends:
  - python >=3.9
  license: MIT
  license_family: MIT
  size: 189015
  timestamp: 1742920947249
- conda: https://prefix.dev/conda-forge/win-64/pyyaml-6.0.3-py314h2359020_1.conda
  sha256: a2aff34027aa810ff36a190b75002d2ff6f9fbef71ec66e567616ac3a679d997
  md5: 0cd9b88826d0f8db142071eb830bce56
  depends:
  - python >=3.14,<3.15.0a0
  - python_abi 3.14.* *_cp314
  - ucrt >=10.0.20348.0
  - vc >=14.3,<15
  - vc14_runtime >=14.44.35208
  - yaml >=0.2.5,<0.3.0a0
  license: MIT
  license_family: MIT
  size: 181257
  timestamp: 1770223460931
- conda: https://prefix.dev/conda-forge/noarch/requests-2.32.5-pyhcf101f3_1.conda
  sha256: 7813c38b79ae549504b2c57b3f33394cea4f2ad083f0994d2045c2e24cb538c5
  md5: c65df89a0b2e321045a9e01d1337b182
  depends:
  - python >=3.10
  - certifi >=2017.4.17
  - charset-normalizer >=2,<4
  - idna >=2.5,<4
  - urllib3 >=1.21.1,<3
  - python
  constrains:
  - chardet >=3.0.2,<6
  license: Apache-2.0
  license_family: APACHE
  size: 63602
  timestamp: 1766926974520
- conda: https://prefix.dev/conda-forge/noarch/roman-numerals-4.1.0-pyhd8ed1ab_0.conda
  sha256: 30f3c04fcfb64c44d821d392a4a0b8915650dbd900c8befc20ade8fde8ec6aa2
  md5: 0dc48b4b570931adc8641e55c6c17fe4
  depends:
  - python >=3.10
  license: 0BSD OR CC0-1.0
  size: 13814
  timestamp: 1766003022813
- conda: https://prefix.dev/conda-forge/noarch/roman-numerals-py-4.1.0-pyhd8ed1ab_0.conda
  sha256: ce21b50a412b87b388db9e8dfbf8eb16fc436c23750b29bf612ee1a74dd0beb2
  md5: 28687768633154993d521aecfa4a56ac
  depends:
  - python >=3.10
  - roman-numerals 4.1.0
  license: 0BSD OR CC0-1.0
  size: 11074
  timestamp: 1766025162370
- conda: https://prefix.dev/conda-forge/noarch/snowballstemmer-3.0.1-pyhd8ed1ab_0.conda
  sha256: 17007a4cfbc564dc3e7310dcbe4932c6ecb21593d4fec3c68610720f19e73fb2
  md5: 755cf22df8693aa0d1aec1c123fa5863
  depends:
  - python >=3.9
  license: BSD-3-Clause
  license_family: BSD
  size: 73009
  timestamp: 1747749529809
- conda: https://prefix.dev/conda-forge/noarch/soupsieve-2.8.3-pyhd8ed1ab_0.conda
  sha256: 23b71ecf089967d2900126920e7f9ff18cdcef82dbff3e2f54ffa360243a17ac
  md5: 18de09b20462742fe093ba39185d9bac
  depends:
  - python >=3.10
  license: MIT
  license_family: MIT
  size: 38187
  timestamp: 1769034509657
- conda: https://prefix.dev/conda-forge/noarch/sphinx-8.2.3-pyhd8ed1ab_0.conda
  sha256: 995f58c662db0197d681fa345522fd9e7ac5f05330d3dff095ab2f102e260ab0
  md5: f7af826063ed569bb13f7207d6f949b0
  depends:
  - alabaster >=0.7.14
  - babel >=2.13
  - colorama >=0.4.6
  - docutils >=0.20,<0.22
  - imagesize >=1.3
  - jinja2 >=3.1
  - packaging >=23.0
  - pygments >=2.17
  - python >=3.11
  - requests >=2.30.0
  - roman-numerals-py >=1.0.0
  - snowballstemmer >=2.2
  - sphinxcontrib-applehelp >=1.0.7
  - sphinxcontrib-devhelp >=1.0.6
  - sphinxcontrib-htmlhelp >=2.0.6
  - sphinxcontrib-jsmath >=1.0.1
  - sphinxcontrib-qthelp >=1.0.6
  - sphinxcontrib-serializinghtml >=1.1.9
  license: BSD-2-Clause
  license_family: BSD
  size: 1424416
  timestamp: 1740956642838
- conda: https://prefix.dev/conda-forge/noarch/sphinx-autobuild-2025.8.25-pyhcf101f3_0.conda
  sha256: ad56a36c575f4ccec429e070dd36538cb6cb25f8d8b174a94bb9622858d9e4a4
  md5: 26d9d9a48ff32bca94581d7c91684ab8
  depends:
  - colorama >=0.4.6
  - python >=3.11
  - sphinx
  - starlette >=0.35
  - uvicorn >=0.25
  - watchfiles >=0.20
  - websockets >=11
  - python
  license: MIT
  license_family: MIT
  size: 19892
  timestamp: 1762270046787
- conda: https://prefix.dev/conda-forge/noarch/sphinx-basic-ng-1.0.0b2-pyhd8ed1ab_3.conda
  sha256: 90d900d31afe0bd6f42cf1e529e23e6eac4284b48bc64e5e942f19f5bf8ef0f2
  md5: a090580065b21d9c56662ebe68f6e7a6
  depends:
  - python >=3.9
  - sphinx >=4.0
  license: MIT
  license_family: MIT
  size: 20495
  timestamp: 1737748706101
- conda: https://prefix.dev/conda-forge/noarch/sphinx-design-0.7.0-pyhd8ed1ab_0.conda
  sha256: 7f8437a97e6311bebf230cfd2ae3c5bdb2230e681c41daebdb894280bf8b4ab6
  md5: 28eddfb8b9ecdd044a6f609f985398a7
  depends:
  - python >=3.11
  - sphinx >=7,<10
  license: MIT
  license_family: MIT
  size: 931118
  timestamp: 1769032711360
- conda: https://prefix.dev/conda-forge/noarch/sphinxcontrib-applehelp-2.0.0-pyhd8ed1ab_1.conda
  sha256: d7433a344a9ad32a680b881c81b0034bc61618d12c39dd6e3309abeffa9577ba
  md5: 16e3f039c0aa6446513e94ab18a8784b
  depends:
  - python >=3.9
  - sphinx >=5
  license: BSD-2-Clause
  license_family: BSD
  size: 29752
  timestamp: 1733754216334
- conda: https://prefix.dev/conda-forge/noarch/sphinxcontrib-devhelp-2.0.0-pyhd8ed1ab_1.conda
  sha256: 55d5076005d20b84b20bee7844e686b7e60eb9f683af04492e598a622b12d53d
  md5: 910f28a05c178feba832f842155cbfff
  depends:
  - python >=3.9
  - sphinx >=5
  license: BSD-2-Clause
  license_family: BSD
  size: 24536
  timestamp: 1733754232002
- conda: https://prefix.dev/conda-forge/noarch/sphinxcontrib-htmlhelp-2.1.0-pyhd8ed1ab_1.conda
  sha256: c1492c0262ccf16694bdcd3bb62aa4627878ea8782d5cd3876614ffeb62b3996
  md5: e9fb3fe8a5b758b4aff187d434f94f03
  depends:
  - python >=3.9
  - sphinx >=5
  license: BSD-2-Clause
  license_family: BSD
  size: 32895
  timestamp: 1733754385092
- conda: https://prefix.dev/conda-forge/noarch/sphinxcontrib-jsmath-1.0.1-pyhd8ed1ab_1.conda
  sha256: 578bef5ec630e5b2b8810d898bbbf79b9ae66d49b7938bcc3efc364e679f2a62
  md5: fa839b5ff59e192f411ccc7dae6588bb
  depends:
  - python >=3.9
  license: BSD-2-Clause
  license_family: BSD
  size: 10462
  timestamp: 1733753857224
- conda: https://prefix.dev/conda-forge/noarch/sphinxcontrib-qthelp-2.0.0-pyhd8ed1ab_1.conda
  sha256: c664fefae4acdb5fae973bdde25836faf451f41d04342b64a358f9a7753c92ca
  md5: 00534ebcc0375929b45c3039b5ba7636
  depends:
  - python >=3.9
  - sphinx >=5
  license: BSD-2-Clause
  license_family: BSD
  size: 26959
  timestamp: 1733753505008
- conda: https://prefix.dev/conda-forge/noarch/sphinxcontrib-serializinghtml-1.1.10-pyhd8ed1ab_1.conda
  sha256: 64d89ecc0264347486971a94487cb8d7c65bfc0176750cf7502b8a272f4ab557
  md5: 3bc61f7161d28137797e038263c04c54
  depends:
  - python >=3.9
  - sphinx >=5
  license: BSD-2-Clause
  license_family: BSD
  size: 28669
  timestamp: 1733750596111
- conda: https://prefix.dev/conda-forge/noarch/starlette-0.52.1-pyhfdc7a7d_0.conda
  sha256: ab0d09eaee2e35a969e7fca3b5b2fdba35c1f2abb8eb8c66245485155d41868e
  md5: 7ee23ae71c6c1e2f2fe9ea7cf00f1a8e
  depends:
  - anyio >=3.6.2,<5
  - python >=3.10
  - typing_extensions >=4.10.0
  - python
  license: BSD-3-Clause
  license_family: BSD
  size: 64896
  timestamp: 1768919444896
- conda: https://prefix.dev/conda-forge/win-64/tk-8.6.13-h6ed50ae_3.conda
  sha256: 0e79810fae28f3b69fe7391b0d43f5474d6bd91d451d5f2bde02f55ae481d5e3
  md5: 0481bfd9814bf525bd4b3ee4b51494c4
  depends:
  - ucrt >=10.0.20348.0
  - vc >=14.3,<15
  - vc14_runtime >=14.44.35208
  license: TCL
  license_family: BSD
  size: 3526350
  timestamp: 1769460339384
- conda: https://prefix.dev/conda-forge/noarch/typing-extensions-4.15.0-h396c80c_0.conda
  sha256: 7c2df5721c742c2a47b2c8f960e718c930031663ac1174da67c1ed5999f7938c
  md5: edd329d7d3a4ab45dcf905899a7a6115
  depends:
  - typing_extensions ==4.15.0 pyhcf101f3_0
  license: PSF-2.0
  license_family: PSF
  size: 91383
  timestamp: 1756220668932
- conda: https://prefix.dev/conda-forge/noarch/typing_extensions-4.15.0-pyhcf101f3_0.conda
  sha256: 032271135bca55aeb156cee361c81350c6f3fb203f57d024d7e5a1fc9ef18731
  md5: 0caa1af407ecff61170c9437a808404d
  depends:
  - python >=3.10
  - python
  license: PSF-2.0
  license_family: PSF
  size: 51692
  timestamp: 1756220668932
- conda: https://prefix.dev/conda-forge/noarch/tzdata-2025c-hc9c84f9_1.conda
  sha256: 1d30098909076af33a35017eed6f2953af1c769e273a0626a04722ac4acaba3c
  md5: ad659d0a2b3e47e38d829aa8cad2d610
  license: LicenseRef-Public-Domain
  size: 119135
  timestamp: 1767016325805
- conda: https://prefix.dev/conda-forge/win-64/ucrt-10.0.26100.0-h57928b3_0.conda
  sha256: 3005729dce6f3d3f5ec91dfc49fc75a0095f9cd23bab49efb899657297ac91a5
  md5: 71b24316859acd00bdb8b38f5e2ce328
  constrains:
  - vc14_runtime >=14.29.30037
  - vs2015_runtime >=14.29.30037
  license: LicenseRef-MicrosoftWindowsSDK10
  size: 694692
  timestamp: 1756385147981
- conda: https://prefix.dev/conda-forge/noarch/urllib3-2.6.3-pyhd8ed1ab_0.conda
  sha256: af641ca7ab0c64525a96fd9ad3081b0f5bcf5d1cbb091afb3f6ed5a9eee6111a
  md5: 9272daa869e03efe68833e3dc7a02130
  depends:
  - backports.zstd >=1.0.0
  - brotli-python >=1.2.0
  - h2 >=4,<5
  - pysocks >=1.5.6,<2.0,!=1.5.7
  - python >=3.10
  license: MIT
  license_family: MIT
  size: 103172
  timestamp: 1767817860341
- conda: https://prefix.dev/conda-forge/noarch/uvicorn-0.40.0-pyh6dadd2b_0.conda
  sha256: 10a53144032ab6671c9a4f4f801448093cd2c4b73d40d13a00837a18824d602e
  md5: 518f06ec23263844563845074bd619f3
  depends:
  - __win
  - click >=7.0
  - h11 >=0.8
  - python >=3.10
  - typing_extensions >=4.0
  - python
  license: BSD-3-Clause
  license_family: BSD
  size: 53657
  timestamp: 1766332935113
- conda: https://prefix.dev/conda-forge/win-64/vc-14.3-h41ae7f8_34.conda
  sha256: 9dc40c2610a6e6727d635c62cced5ef30b7b30123f5ef67d6139e23d21744b3a
  md5: 1e610f2416b6acdd231c5f573d754a0f
  depends:
  - vc14_runtime >=14.44.35208
  track_features:
  - vc14
  license: BSD-3-Clause
  license_family: BSD
  size: 19356
  timestamp: 1767320221521
- conda: https://prefix.dev/conda-forge/win-64/vc14_runtime-14.44.35208-h818238b_34.conda
  sha256: 02732f953292cce179de9b633e74928037fa3741eb5ef91c3f8bae4f761d32a5
  md5: 37eb311485d2d8b2c419449582046a42
  depends:
  - ucrt >=10.0.20348.0
  - vcomp14 14.44.35208 h818238b_34
  constrains:
  - vs2015_runtime 14.44.35208.* *_34
  license: LicenseRef-MicrosoftVisualCpp2015-2022Runtime
  license_family: Proprietary
  size: 683233
  timestamp: 1767320219644
- conda: https://prefix.dev/conda-forge/win-64/vcomp14-14.44.35208-h818238b_34.conda
  sha256: 878d5d10318b119bd98ed3ed874bd467acbe21996e1d81597a1dbf8030ea0ce6
  md5: 242d9f25d2ae60c76b38a5e42858e51d
  depends:
  - ucrt >=10.0.20348.0
  constrains:
  - vs2015_runtime 14.44.35208.* *_34
  license: LicenseRef-MicrosoftVisualCpp2015-2022Runtime
  license_family: Proprietary
  size: 115235
  timestamp: 1767320173250
- conda: https://prefix.dev/conda-forge/win-64/watchfiles-1.1.1-py314h170c82c_0.conda
  sha256: b6b3ad95d6c2d92150c8b35367d987beffae083627bb49c996a78fc129ab2e00
  md5: f86852dadc13af0ec70e02b175159481
  depends:
  - anyio >=3.0.0
  - python >=3.14,<3.15.0a0
  - python_abi 3.14.* *_cp314
  - ucrt >=10.0.20348.0
  - vc >=14.3,<15
  - vc14_runtime >=14.44.35208
  license: MIT
  license_family: MIT
  size: 305573
  timestamp: 1760457150003
- conda: https://prefix.dev/conda-forge/win-64/websockets-16.0-py314hc5dbbe4_1.conda
  sha256: d5b444750891ffe6360f0066601012b71c27dd15a02e5753f4a08415377271c7
  md5: 5341e4691d00db4239bb9a9df481f5ae
  depends:
  - python
  - vc >=14.3,<15
  - vc14_runtime >=14.44.35208
  - ucrt >=10.0.20348.0
  - python_abi 3.14.* *_cp314
  license: BSD-3-Clause
  license_family: BSD
  size: 439954
  timestamp: 1768087421360
- conda: https://prefix.dev/conda-forge/noarch/win_inet_pton-1.1.0-pyh7428d3b_8.conda
  sha256: 93807369ab91f230cf9e6e2a237eaa812492fe00face5b38068735858fba954f
  md5: 46e441ba871f524e2b067929da3051c2
  depends:
  - __win
  - python >=3.9
  license: LicenseRef-Public-Domain
  size: 9555
  timestamp: 1733130678956
- conda: https://prefix.dev/conda-forge/win-64/yaml-0.2.5-h6a83c73_3.conda
  sha256: 80ee68c1e7683a35295232ea79bcc87279d31ffeda04a1665efdb43cbd50a309
  md5: 433699cba6602098ae8957a323da2664
  depends:
  - vc >=14.3,<15
  - vc14_runtime >=14.44.35208
  - ucrt >=10.0.20348.0
  - vc >=14.3,<15
  - vc14_runtime >=14.44.35208
  - ucrt >=10.0.20348.0
  license: MIT
  license_family: MIT
  size: 63944
  timestamp: 1753484092156
- conda: https://prefix.dev/conda-forge/win-64/zstd-1.5.7-h534d264_6.conda
  sha256: 368d8628424966fd8f9c8018326a9c779e06913dd39e646cf331226acc90e5b2
  md5: 053b84beec00b71ea8ff7a4f84b55207
  depends:
  - vc >=14.3,<15
  - vc14_runtime >=14.44.35208
  - ucrt >=10.0.20348.0
  - libzlib >=1.3.1,<2.0a0
  license: BSD-3-Clause
  license_family: BSD
  size: 388453
  timestamp: 1764777142545
